
Microsoft Visual Studio Solution File, Format Version 12.00
# Visual Studio Version 17
VisualStudioVersion = 17.3.32804.467
MinimumVisualStudioVersion = 10.0.40219.1
Project("{FAE04EC0-301F-11D3-BF4B-00C04F79EFBC}") = "BlazorMe", "BlazorMe.csproj", "{EA360DB4-A080-48AE-88E3-7EB57F5B901B}"
EndProject
Project("{FAE04EC0-301F-11D3-BF4B-00C04F79EFBC}") = "DataLibrary", "..\DataLibrary\DataLibrary.csproj", "{0AF89A1E-97D9-4F13-9B4F-33A4046BE142}"
EndProject
Project("{FAE04EC0-301F-11D3-BF4B-00C04F79EFBC}") = "DataAccessLibrary", "..\DataAccessLibrary\DataAccessLibrary.csproj", "{5B0F861E-6307-4372-84FE-FD0A8878B954}"
EndProject
Global
	GlobalSection(SolutionConfigurationPlatforms) = preSolution
		Debug|Any CPU = Debug|Any CPU
		Release|Any CPU = Release|Any CPU
	EndGlobalSection
	GlobalSection(ProjectConfigurationPlatforms) = postSolution
		{EA360DB4-A080-48AE-88E3-7EB57F5B901B}.Debug|Any CPU.ActiveCfg = Debug|Any CPU
		{EA360DB4-A080-48AE-88E3-7EB57F5B901B}.Debug|Any CPU.Build.0 = Debug|Any CPU
		{EA360DB4-A080-48AE-88E3-7EB57F5B901B}.Release|Any CPU.ActiveCfg = Release|Any CPU
		{EA360DB4-A080-48AE-88E3-7EB57F5B901B}.Release|Any CPU.Build.0 = Release|Any CPU
		{0AF89A1E-97D9-4F13-9B4F-33A4046BE142}.Debug|Any CPU.ActiveCfg = Debug|Any CPU
		{0AF89A1E-97D9-4F13-9B4F-33A4046BE142}.Debug|Any CPU.Build.0 = Debug|Any CPU
		{0AF89A1E-97D9-4F13-9B4F-33A4046BE142}.Release|Any CPU.ActiveCfg = Release|Any CPU
		{0AF89A1E-97D9-4F13-9B4F-33A4046BE142}.Release|Any CPU.Build.0 = Release|Any CPU
		{5B0F861E-6307-4372-84FE-FD0A8878B954}.Debug|Any CPU.ActiveCfg = Debug|Any CPU
		{5B0F861E-6307-4372-84FE-FD0A8878B954}.Debug|Any CPU.Build.0 = Debug|Any CPU
		{5B0F861E-6307-4372-84FE-FD0A8878B954}.Release|Any CPU.ActiveCfg = Release|Any CPU
		{5B0F861E-6307-4372-84FE-FD0A8878B954}.Release|Any CPU.Build.0 = Release|Any CPU
	EndGlobalSection
	GlobalSection(SolutionProperties) = preSolution
		HideSolutionNode = FALSE
	EndGlobalSection
	GlobalSection(ExtensibilityGlobals) = postSolution
		SolutionGuid = {9E04AD10-8A71-47B9-A22E-EDBBFD7EA0E1}
	EndGlobalSection
EndGlobal
